# This file is automatically @generated by Cargo.
# It is not intended for manual editing.
version = 3

[[package]]
name = "autocfg"
version = "1.1.0"
source = "registry+https://github.com/rust-lang/crates.io-index"
checksum = "d468802bab17cbc0cc575e9b053f41e72aa36bfa6b7f55e3529ffa43161b97fa"

[[package]]
name = "bitflags"
version = "1.3.2"
source = "registry+https://github.com/rust-lang/crates.io-index"
checksum = "bef38d45163c2f1dde094a7dfd33ccf595c92905c8f8f4fdc18d06fb1037718a"

[[package]]
name = "byteorder"
version = "1.4.3"
source = "registry+https://github.com/rust-lang/crates.io-index"
checksum = "14c189c53d098945499cdfa7ecc63567cf3886b3332b312a5b4585d8d3a6a610"

[[package]]
name = "bytes"
version = "0.5.6"
source = "registry+https://github.com/rust-lang/crates.io-index"
checksum = "0e4cec68f03f32e44924783795810fa50a7035d8c8ebe78580ad7e6c703fba38"

[[package]]
name = "cc"
version = "1.0.79"
source = "registry+https://github.com/rust-lang/crates.io-index"
checksum = "50d30906286121d95be3d479533b458f87493b30a4b5f79a607db8f5d11aa91f"

[[package]]
name = "cfg-if"
version = "0.1.10"
source = "registry+https://github.com/rust-lang/crates.io-index"
checksum = "4785bdd1c96b2a846b2bd7cc02e86b6b3dbf14e7e53446c4f54c92a361040822"

[[package]]
name = "cfg-if"
version = "1.0.0"
source = "registry+https://github.com/rust-lang/crates.io-index"
checksum = "baf1de4339761588bc0619e3cbc0120ee582ebb74b53b4efbf79117bd2da40fd"

[[package]]
name = "clap"
version = "4.1.13"
source = "registry+https://github.com/rust-lang/crates.io-index"
checksum = "3c911b090850d79fc64fe9ea01e28e465f65e821e08813ced95bced72f7a8a9b"
dependencies = [
 "bitflags",
 "clap_derive",
 "clap_lex",
 "is-terminal",
 "once_cell",
 "strsim",
 "termcolor",
]

[[package]]
name = "clap_derive"
version = "4.1.12"
source = "registry+https://github.com/rust-lang/crates.io-index"
checksum = "9a932373bab67b984c790ddf2c9ca295d8e3af3b7ef92de5a5bacdccdee4b09b"
dependencies = [
 "heck",
 "proc-macro2",
 "quote",
 "syn 2.0.10",
]

[[package]]
name = "clap_lex"
version = "0.3.3"
source = "registry+https://github.com/rust-lang/crates.io-index"
checksum = "033f6b7a4acb1f358c742aaca805c939ee73b4c6209ae4318ec7aca81c42e646"
dependencies = [
 "os_str_bytes",
]

[[package]]
name = "errno"
version = "0.2.8"
source = "registry+https://github.com/rust-lang/crates.io-index"
checksum = "f639046355ee4f37944e44f60642c6f3a7efa3cf6b78c78a0d989a8ce6c396a1"
dependencies = [
 "errno-dragonfly",
 "libc",
 "winapi 0.3.9",
]

[[package]]
name = "errno-dragonfly"
version = "0.1.2"
source = "registry+https://github.com/rust-lang/crates.io-index"
checksum = "aa68f1b12764fab894d2755d2518754e71b4fd80ecfb822714a1206c2aab39bf"
dependencies = [
 "cc",
 "libc",
]

[[package]]
name = "fuchsia-zircon"
version = "0.3.3"
source = "registry+https://github.com/rust-lang/crates.io-index"
checksum = "2e9763c69ebaae630ba35f74888db465e49e259ba1bc0eda7d06f4a067615d82"
dependencies = [
 "bitflags",
 "fuchsia-zircon-sys",
]

[[package]]
name = "fuchsia-zircon-sys"
version = "0.3.3"
source = "registry+https://github.com/rust-lang/crates.io-index"
checksum = "3dcaa9ae7725d12cdb85b3ad99a434db70b468c09ded17e012d86b5c1010f7a7"

[[package]]
name = "getrandom"
version = "0.2.8"
source = "registry+https://github.com/rust-lang/crates.io-index"
checksum = "c05aeb6a22b8f62540c194aac980f2115af067bfe15a0734d7277a768d396b31"
dependencies = [
 "cfg-if 1.0.0",
 "libc",
 "wasi",
]

[[package]]
name = "heck"
version = "0.4.1"
source = "registry+https://github.com/rust-lang/crates.io-index"
checksum = "95505c38b4572b2d910cecb0281560f54b440a19336cbbcb27bf6ce6adc6f5a8"

[[package]]
name = "hermit-abi"
version = "0.3.1"
source = "registry+https://github.com/rust-lang/crates.io-index"
checksum = "fed44880c466736ef9a5c5b5facefb5ed0785676d0c02d612db14e54f0d84286"

[[package]]
name = "io-lifetimes"
version = "1.0.9"
source = "registry+https://github.com/rust-lang/crates.io-index"
checksum = "09270fd4fa1111bc614ed2246c7ef56239a3063d5be0d1ec3b589c505d400aeb"
dependencies = [
 "hermit-abi",
 "libc",
 "windows-sys",
]

[[package]]
name = "iovec"
version = "0.1.4"
source = "registry+https://github.com/rust-lang/crates.io-index"
checksum = "b2b3ea6ff95e175473f8ffe6a7eb7c00d054240321b84c57051175fe3c1e075e"
dependencies = [
 "libc",
]

[[package]]
name = "is-terminal"
version = "0.4.5"
source = "registry+https://github.com/rust-lang/crates.io-index"
checksum = "8687c819457e979cc940d09cb16e42a1bf70aa6b60a549de6d3a62a0ee90c69e"
dependencies = [
 "hermit-abi",
 "io-lifetimes",
 "rustix",
 "windows-sys",
]

[[package]]
name = "itoa"
version = "1.0.6"
source = "registry+https://github.com/rust-lang/crates.io-index"
checksum = "453ad9f582a441959e5f0d088b02ce04cfe8d51a8eaf077f12ac6d3e94164ca6"

[[package]]
name = "kernel32-sys"
version = "0.2.2"
source = "registry+https://github.com/rust-lang/crates.io-index"
checksum = "7507624b29483431c0ba2d82aece8ca6cdba9382bff4ddd0f7490560c056098d"
dependencies = [
 "winapi 0.2.8",
 "winapi-build",
]

[[package]]
name = "lazy_static"
version = "1.4.0"
source = "registry+https://github.com/rust-lang/crates.io-index"
checksum = "e2abad23fbc42b3700f2f279844dc832adb2b2eb069b2df918f455c4e18cc646"

[[package]]
name = "lazycell"
version = "1.3.0"
source = "registry+https://github.com/rust-lang/crates.io-index"
checksum = "830d08ce1d1d941e6b30645f1a0eb5643013d835ce3779a5fc208261dbe10f55"

[[package]]
name = "libc"
version = "0.2.140"
source = "registry+https://github.com/rust-lang/crates.io-index"
checksum = "99227334921fae1a979cf0bfdfcc6b3e5ce376ef57e16fb6fb3ea2ed6095f80c"

[[package]]
name = "linux-raw-sys"
version = "0.1.4"
source = "registry+https://github.com/rust-lang/crates.io-index"
checksum = "f051f77a7c8e6957c0696eac88f26b0117e54f52d3fc682ab19397a8812846a4"

[[package]]
name = "log"
version = "0.4.17"
source = "registry+https://github.com/rust-lang/crates.io-index"
checksum = "abb12e687cfb44aa40f41fc3978ef76448f9b6038cad6aef4259d3c095a2382e"
dependencies = [
 "cfg-if 1.0.0",
]

[[package]]
name = "mio"
version = "0.6.23"
source = "registry+https://github.com/rust-lang/crates.io-index"
checksum = "4afd66f5b91bf2a3bc13fad0e21caedac168ca4c707504e75585648ae80e4cc4"
dependencies = [
 "cfg-if 0.1.10",
 "fuchsia-zircon",
 "fuchsia-zircon-sys",
 "iovec",
 "kernel32-sys",
 "libc",
 "log",
 "miow",
 "net2",
 "slab",
 "winapi 0.2.8",
]

[[package]]
name = "mio-extras"
version = "2.0.6"
source = "registry+https://github.com/rust-lang/crates.io-index"
checksum = "52403fe290012ce777c4626790c8951324a2b9e3316b3143779c72b029742f19"
dependencies = [
 "lazycell",
 "log",
 "mio",
 "slab",
]

[[package]]
name = "miow"
version = "0.2.2"
source = "registry+https://github.com/rust-lang/crates.io-index"
checksum = "ebd808424166322d4a38da87083bfddd3ac4c131334ed55856112eb06d46944d"
dependencies = [
 "kernel32-sys",
 "net2",
 "winapi 0.2.8",
 "ws2_32-sys",
]

[[package]]
name = "net2"
version = "0.2.38"
source = "registry+https://github.com/rust-lang/crates.io-index"
checksum = "74d0df99cfcd2530b2e694f6e17e7f37b8e26bb23983ac530c0c97408837c631"
dependencies = [
 "cfg-if 0.1.10",
 "libc",
 "winapi 0.3.9",
]

[[package]]
name = "once_cell"
version = "1.17.1"
source = "registry+https://github.com/rust-lang/crates.io-index"
checksum = "b7e5500299e16ebb147ae15a00a942af264cf3688f47923b8fc2cd5858f23ad3"

[[package]]
name = "os_str_bytes"
version = "6.5.0"
source = "registry+https://github.com/rust-lang/crates.io-index"
checksum = "ceedf44fb00f2d1984b0bc98102627ce622e083e49a5bacdb3e514fa4238e267"

[[package]]
name = "ppv-lite86"
version = "0.2.17"
source = "registry+https://github.com/rust-lang/crates.io-index"
checksum = "5b40af805b3121feab8a3c29f04d8ad262fa8e0561883e7653e024ae4479e6de"

[[package]]
name = "proc-macro2"
version = "1.0.54"
source = "registry+https://github.com/rust-lang/crates.io-index"
checksum = "e472a104799c74b514a57226160104aa483546de37e839ec50e3c2e41dd87534"
dependencies = [
 "unicode-ident",
]

[[package]]
name = "quote"
version = "1.0.26"
source = "registry+https://github.com/rust-lang/crates.io-index"
checksum = "4424af4bf778aae2051a77b60283332f386554255d722233d09fbfc7e30da2fc"
dependencies = [
 "proc-macro2",
]

[[package]]
name = "rand"
version = "0.8.5"
source = "registry+https://github.com/rust-lang/crates.io-index"
checksum = "34af8d1a0e25924bc5b7c43c079c942339d8f0a8b57c39049bef581b46327404"
dependencies = [
 "libc",
 "rand_chacha",
 "rand_core",
]

[[package]]
name = "rand_chacha"
version = "0.3.1"
source = "registry+https://github.com/rust-lang/crates.io-index"
checksum = "e6c10a63a0fa32252be49d21e7709d4d4baf8d231c2dbce1eaa8141b9b127d88"
dependencies = [
 "ppv-lite86",
 "rand_core",
]

[[package]]
name = "rand_core"
version = "0.6.4"
source = "registry+https://github.com/rust-lang/crates.io-index"
checksum = "ec0be4795e2f6a28069bec0b5ff3e2ac9bafc99e6a9a7dc3547996c5c816922c"
dependencies = [
 "getrandom",
]

[[package]]
name = "rustix"
version = "0.36.11"
source = "registry+https://github.com/rust-lang/crates.io-index"
checksum = "db4165c9963ab29e422d6c26fbc1d37f15bace6b2810221f9d925023480fcf0e"
dependencies = [
 "bitflags",
 "errno",
 "io-lifetimes",
 "libc",
 "linux-raw-sys",
 "windows-sys",
]

[[package]]
name = "ryu"
version = "1.0.13"
source = "registry+https://github.com/rust-lang/crates.io-index"
checksum = "f91339c0467de62360649f8d3e185ca8de4224ff281f66000de5eb2a77a79041"

[[package]]
name = "serde"
version = "1.0.158"
source = "registry+https://github.com/rust-lang/crates.io-index"
checksum = "771d4d9c4163ee138805e12c710dd365e4f44be8be0503cb1bb9eb989425d9c9"
dependencies = [
 "serde_derive",
]

[[package]]
name = "serde_derive"
version = "1.0.158"
source = "registry+https://github.com/rust-lang/crates.io-index"
checksum = "e801c1712f48475582b7696ac71e0ca34ebb30e09338425384269d9717c62cad"
dependencies = [
 "proc-macro2",
 "quote",
 "syn 2.0.10",
]

[[package]]
name = "serde_json"
version = "1.0.94"
source = "registry+https://github.com/rust-lang/crates.io-index"
checksum = "1c533a59c9d8a93a09c6ab31f0fd5e5f4dd1b8fc9434804029839884765d04ea"
dependencies = [
 "itoa",
 "ryu",
 "serde",
]

[[package]]
name = "slab"
version = "0.4.8"
source = "registry+https://github.com/rust-lang/crates.io-index"
checksum = "6528351c9bc8ab22353f9d776db39a20288e8d6c37ef8cfe3317cf875eecfc2d"
dependencies = [
 "autocfg",
]

[[package]]
name = "snowflake"
version = "1.3.0"
source = "registry+https://github.com/rust-lang/crates.io-index"
checksum = "27207bb65232eda1f588cf46db2fee75c0808d557f6b3cf19a75f5d6d7c94df1"

[[package]]
name = "strsim"
version = "0.10.0"
source = "registry+https://github.com/rust-lang/crates.io-index"
checksum = "73473c0e59e6d5812c5dfe2a064a6444949f089e20eec9a2e5506596494e4623"

[[package]]
name = "syn"
version = "1.0.109"
source = "registry+https://github.com/rust-lang/crates.io-index"
checksum = "72b64191b275b66ffe2469e8af2c1cfe3bafa67b529ead792a6d0160888b4237"
dependencies = [
 "proc-macro2",
 "quote",
 "unicode-ident",
]

[[package]]
name = "syn"
version = "2.0.10"
source = "registry+https://github.com/rust-lang/crates.io-index"
checksum = "5aad1363ed6d37b84299588d62d3a7d95b5a5c2d9aad5c85609fda12afaa1f40"
dependencies = [
 "proc-macro2",
 "quote",
 "unicode-ident",
]

[[package]]
name = "termcolor"
version = "1.2.0"
source = "registry+https://github.com/rust-lang/crates.io-index"
checksum = "be55cf8942feac5c765c2c993422806843c9a9a45d4d5c407ad6dd2ea95eb9b6"
dependencies = [
 "winapi-util",
]

[[package]]
name = "unicode-ident"
version = "1.0.8"
source = "registry+https://github.com/rust-lang/crates.io-index"
checksum = "e5464a87b239f13a63a501f2701565754bae92d243d4bb7eb12f6d57d2269bf4"

[[package]]
name = "wasi"
version = "0.11.0+wasi-snapshot-preview1"
source = "registry+https://github.com/rust-lang/crates.io-index"
checksum = "9c8d87e72b64a3b4db28d11ce29237c246188f4f51057d65a7eab63b7987e423"

[[package]]
name = "winapi"
version = "0.2.8"
source = "registry+https://github.com/rust-lang/crates.io-index"
checksum = "167dc9d6949a9b857f3451275e911c3f44255842c1f7a76f33c55103a909087a"

[[package]]
name = "winapi"
version = "0.3.9"
source = "registry+https://github.com/rust-lang/crates.io-index"
checksum = "5c839a674fcd7a98952e593242ea400abe93992746761e38641405d28b00f419"
dependencies = [
 "winapi-i686-pc-windows-gnu",
 "winapi-x86_64-pc-windows-gnu",
]

[[package]]
name = "winapi-build"
version = "0.1.1"
source = "registry+https://github.com/rust-lang/crates.io-index"
checksum = "2d315eee3b34aca4797b2da6b13ed88266e6d612562a0c46390af8299fc699bc"

[[package]]
name = "winapi-i686-pc-windows-gnu"
version = "0.4.0"
source = "registry+https://github.com/rust-lang/crates.io-index"
checksum = "ac3b87c63620426dd9b991e5ce0329eff545bccbbb34f3be09ff6fb6ab51b7b6"

[[package]]
name = "winapi-util"
version = "0.1.5"
source = "registry+https://github.com/rust-lang/crates.io-index"
checksum = "70ec6ce85bb158151cae5e5c87f95a8e97d2c0c4b001223f33a334e3ce5de178"
dependencies = [
 "winapi 0.3.9",
]

[[package]]
name = "winapi-x86_64-pc-windows-gnu"
version = "0.4.0"
source = "registry+https://github.com/rust-lang/crates.io-index"
checksum = "712e227841d057c1ee1cd2fb22fa7e5a5461ae8e48fa2ca79ec42cfc1931183f"

[[package]]
name = "windows-sys"
version = "0.45.0"
source = "registry+https://github.com/rust-lang/crates.io-index"
checksum = "75283be5efb2831d37ea142365f009c02ec203cd29a3ebecbc093d52315b66d0"
dependencies = [
 "windows-targets",
]

[[package]]
name = "windows-targets"
version = "0.42.2"
source = "registry+https://github.com/rust-lang/crates.io-index"
checksum = "8e5180c00cd44c9b1c88adb3693291f1cd93605ded80c250a75d472756b4d071"
dependencies = [
 "windows_aarch64_gnullvm",
 "windows_aarch64_msvc",
 "windows_i686_gnu",
 "windows_i686_msvc",
 "windows_x86_64_gnu",
 "windows_x86_64_gnullvm",
 "windows_x86_64_msvc",
]

[[package]]
name = "windows_aarch64_gnullvm"
version = "0.42.2"
source = "registry+https://github.com/rust-lang/crates.io-index"
checksum = "597a5118570b68bc08d8d59125332c54f1ba9d9adeedeef5b99b02ba2b0698f8"

[[package]]
name = "windows_aarch64_msvc"
version = "0.42.2"
source = "registry+https://github.com/rust-lang/crates.io-index"
checksum = "e08e8864a60f06ef0d0ff4ba04124db8b0fb3be5776a5cd47641e942e58c4d43"

[[package]]
name = "windows_i686_gnu"
version = "0.42.2"
source = "registry+https://github.com/rust-lang/crates.io-index"
checksum = "c61d927d8da41da96a81f029489353e68739737d3beca43145c8afec9a31a84f"

[[package]]
name = "windows_i686_msvc"
version = "0.42.2"
source = "registry+https://github.com/rust-lang/crates.io-index"
checksum = "44d840b6ec649f480a41c8d80f9c65108b92d89345dd94027bfe06ac444d1060"

[[package]]
name = "windows_x86_64_gnu"
version = "0.42.2"
source = "registry+https://github.com/rust-lang/crates.io-index"
checksum = "8de912b8b8feb55c064867cf047dda097f92d51efad5b491dfb98f6bbb70cb36"

[[package]]
name = "windows_x86_64_gnullvm"
version = "0.42.2"
source = "registry+https://github.com/rust-lang/crates.io-index"
checksum = "26d41b46a36d453748aedef1486d5c7a85db22e56aff34643984ea85514e94a3"

[[package]]
name = "windows_x86_64_msvc"
version = "0.42.2"
source = "registry+https://github.com/rust-lang/crates.io-index"
checksum = "9aec5da331524158c6d1a4ac0ab1541149c0b9505fde06423b02f5ef0106b9f0"

[[package]]
name = "ws2_32-sys"
version = "0.2.1"
source = "registry+https://github.com/rust-lang/crates.io-index"
checksum = "d59cefebd0c892fa2dd6de581e937301d8552cb44489cdff035c6187cb63fa5e"
dependencies = [
 "winapi 0.2.8",
 "winapi-build",
]

[[package]]
name = "zookeeper"
version = "0.7.0"
source = "registry+https://github.com/rust-lang/crates.io-index"
checksum = "9ad5aef26217dec3996c044b71493aed1b94f42efad1139b63c3f309ffa75605"
dependencies = [
 "byteorder",
 "bytes",
 "lazy_static",
 "log",
 "mio",
 "mio-extras",
 "snowflake",
 "zookeeper_derive",
]

[[package]]
name = "zookeeper-benchmark"
version = "0.1.0"
dependencies = [
 "clap",
 "rand",
 "serde",
 "serde_json",
 "zookeeper",
]

[[package]]
name = "zookeeper_derive"
version = "0.4.1"
source = "registry+https://github.com/rust-lang/crates.io-index"
checksum = "42307291e3c8b2e4082e5647572da863f0470511d0ecb1618a4cd0a361549723"
dependencies = [
 "quote",
 "syn 1.0.109",
]
